// !$*UTF8*$!
{
	archiveVersion = 1;
	classes = {
	};
	objectVersion = 55;
	objects = {

/* Begin PBXBuildFile section */
		FF4CA82927B4402D00E9A47F /* AppRoot.swift in Sources */ = {isa = PBXBuildFile; fileRef = FF4CA82827B4402D00E9A47F /* AppRoot.swift */; };
		FF4CA82D27B4402F00E9A47F /* Assets.xcassets in Resources */ = {isa = PBXBuildFile; fileRef = FF4CA82C27B4402F00E9A47F /* Assets.xcassets */; };
		FF4CA83027B4402F00E9A47F /* Preview Assets.xcassets in Resources */ = {isa = PBXBuildFile; fileRef = FF4CA82F27B4402F00E9A47F /* Preview Assets.xcassets */; };
		FF6B9BA127C7C27E004FE896 /* SingletonView.swift in Sources */ = {isa = PBXBuildFile; fileRef = FF6B9BA027C7C27E004FE896 /* SingletonView.swift */; };
		FF6B9BA327C7C551004FE896 /* NSWindow+NSWindowDelegate.swift in Sources */ = {isa = PBXBuildFile; fileRef = FF6B9BA227C7C551004FE896 /* NSWindow+NSWindowDelegate.swift */; };
		FF6B9BA527C7D6AB004FE896 /* WindowConfig.swift in Sources */ = {isa = PBXBuildFile; fileRef = FF6B9BA427C7D6AB004FE896 /* WindowConfig.swift */; };
		FF6B9BA727C91865004FE896 /* GenericView.swift in Sources */ = {isa = PBXBuildFile; fileRef = FF6B9BA627C91865004FE896 /* GenericView.swift */; };
		FF9C9CE227E3A94D009EB472 /* DelegateForwarder.swift in Sources */ = {isa = PBXBuildFile; fileRef = FF9C9CE127E3A94D009EB472 /* DelegateForwarder.swift */; };
		FFE34DCE27B57BA1008EDC82 /* AppModel.swift in Sources */ = {isa = PBXBuildFile; fileRef = FFE34DCD27B57BA1008EDC82 /* AppModel.swift */; };
		FFE34DD627B5813D008EDC82 /* HostingWindowFinder.swift in Sources */ = {isa = PBXBuildFile; fileRef = FFE34DD527B5813D008EDC82 /* HostingWindowFinder.swift */; };
		FFE34DDA27BD2E9A008EDC82 /* PermanentView.swift in Sources */ = {isa = PBXBuildFile; fileRef = FFE34DD927BD2E9A008EDC82 /* PermanentView.swift */; };
		FFECCA9227C550A6005B628A /* FileMenuCommands.swift in Sources */ = {isa = PBXBuildFile; fileRef = FFECCA9127C550A6005B628A /* FileMenuCommands.swift */; };
/* End PBXBuildFile section */

/* Begin PBXFileReference section */
		FF4CA82527B4402D00E9A47F /* swiftuiWindowFun.app */ = {isa = PBXFileReference; explicitFileType = wrapper.application; includeInIndex = 0; path = swiftuiWindowFun.app; sourceTree = BUILT_PRODUCTS_DIR; };
		FF4CA82827B4402D00E9A47F /* AppRoot.swift */ = {isa = PBXFileReference; lastKnownFileType = sourcecode.swift; path = AppRoot.swift; sourceTree = "<group>"; };
		FF4CA82C27B4402F00E9A47F /* Assets.xcassets */ = {isa = PBXFileReference; lastKnownFileType = folder.assetcatalog; path = Assets.xcassets; sourceTree = "<group>"; };
		FF4CA82F27B4402F00E9A47F /* Preview Assets.xcassets */ = {isa = PBXFileReference; lastKnownFileType = folder.assetcatalog; path = "Preview Assets.xcassets"; sourceTree = "<group>"; };
		FF4CA83127B4402F00E9A47F /* swiftuiWindowFun.entitlements */ = {isa = PBXFileReference; lastKnownFileType = text.plist.entitlements; path = swiftuiWindowFun.entitlements; sourceTree = "<group>"; };
		FF4CA83727B440A500E9A47F /* Info.plist */ = {isa = PBXFileReference; lastKnownFileType = text.plist; path = Info.plist; sourceTree = "<group>"; };
		FF6B9BA027C7C27E004FE896 /* SingletonView.swift */ = {isa = PBXFileReference; fileEncoding = 4; lastKnownFileType = sourcecode.swift; path = SingletonView.swift; sourceTree = "<group>"; };
		FF6B9BA227C7C551004FE896 /* NSWindow+NSWindowDelegate.swift */ = {isa = PBXFileReference; lastKnownFileType = sourcecode.swift; path = "NSWindow+NSWindowDelegate.swift"; sourceTree = "<group>"; };
		FF6B9BA427C7D6AB004FE896 /* WindowConfig.swift */ = {isa = PBXFileReference; lastKnownFileType = sourcecode.swift; path = WindowConfig.swift; sourceTree = "<group>"; };
		FF6B9BA627C91865004FE896 /* GenericView.swift */ = {isa = PBXFileReference; lastKnownFileType = sourcecode.swift; path = GenericView.swift; sourceTree = "<group>"; };
		FF9C9CE127E3A94D009EB472 /* DelegateForwarder.swift */ = {isa = PBXFileReference; lastKnownFileType = sourcecode.swift; path = DelegateForwarder.swift; sourceTree = "<group>"; };
		FFE34DCD27B57BA1008EDC82 /* AppModel.swift */ = {isa = PBXFileReference; lastKnownFileType = sourcecode.swift; path = AppModel.swift; sourceTree = "<group>"; };
		FFE34DD527B5813D008EDC82 /* HostingWindowFinder.swift */ = {isa = PBXFileReference; fileEncoding = 4; lastKnownFileType = sourcecode.swift; path = HostingWindowFinder.swift; sourceTree = "<group>"; };
		FFE34DD927BD2E9A008EDC82 /* PermanentView.swift */ = {isa = PBXFileReference; lastKnownFileType = sourcecode.swift; path = PermanentView.swift; sourceTree = "<group>"; };
		FFECCA5827C3BB5B005B628A /* README.md */ = {isa = PBXFileReference; lastKnownFileType = net.daringfireball.markdown; path = README.md; sourceTree = "<group>"; };
		FFECCA9127C550A6005B628A /* FileMenuCommands.swift */ = {isa = PBXFileReference; lastKnownFileType = sourcecode.swift; path = FileMenuCommands.swift; sourceTree = "<group>"; };
/* End PBXFileReference section */

/* Begin PBXFrameworksBuildPhase section */
		FF4CA82227B4402D00E9A47F /* Frameworks */ = {
			isa = PBXFrameworksBuildPhase;
			buildActionMask = 2147483647;
			files = (
			);
			runOnlyForDeploymentPostprocessing = 0;
		};
/* End PBXFrameworksBuildPhase section */

/* Begin PBXGroup section */
		FF4CA81C27B4402D00E9A47F = {
			isa = PBXGroup;
			children = (
				FFECCA5827C3BB5B005B628A /* README.md */,
				FF4CA82727B4402D00E9A47F /* swiftuiWindowFun */,
				FF4CA82627B4402D00E9A47F /* Products */,
			);
			sourceTree = "<group>";
		};
		FF4CA82627B4402D00E9A47F /* Products */ = {
			isa = PBXGroup;
			children = (
				FF4CA82527B4402D00E9A47F /* swiftuiWindowFun.app */,
			);
			name = Products;
			sourceTree = "<group>";
		};
		FF4CA82727B4402D00E9A47F /* swiftuiWindowFun */ = {
			isa = PBXGroup;
			children = (
				FF4CA82827B4402D00E9A47F /* AppRoot.swift */,
				FF6B9BA827C92B7A004FE896 /* Models */,
				FFE34DDB27BD2EA7008EDC82 /* SwiftUI */,
				FF4CA83727B440A500E9A47F /* Info.plist */,
				FF4CA82C27B4402F00E9A47F /* Assets.xcassets */,
				FF4CA83127B4402F00E9A47F /* swiftuiWindowFun.entitlements */,
				FF4CA82E27B4402F00E9A47F /* Preview Content */,
			);
			path = swiftuiWindowFun;
			sourceTree = "<group>";
		};
		FF4CA82E27B4402F00E9A47F /* Preview Content */ = {
			isa = PBXGroup;
			children = (
				FF4CA82F27B4402F00E9A47F /* Preview Assets.xcassets */,
			);
			path = "Preview Content";
			sourceTree = "<group>";
		};
		FF6B9BA827C92B7A004FE896 /* Models */ = {
			isa = PBXGroup;
			children = (
				FFE34DCD27B57BA1008EDC82 /* AppModel.swift */,
				FF6B9BA227C7C551004FE896 /* NSWindow+NSWindowDelegate.swift */,
				FF6B9BA427C7D6AB004FE896 /* WindowConfig.swift */,
				FF9C9CE127E3A94D009EB472 /* DelegateForwarder.swift */,
			);
			path = Models;
			sourceTree = "<group>";
		};
		FFE34DDB27BD2EA7008EDC82 /* SwiftUI */ = {
			isa = PBXGroup;
			children = (
				FFECCA9127C550A6005B628A /* FileMenuCommands.swift */,
				FFE34DD527B5813D008EDC82 /* HostingWindowFinder.swift */,
				FFE34DD927BD2E9A008EDC82 /* PermanentView.swift */,
				FF6B9BA027C7C27E004FE896 /* SingletonView.swift */,
				FF6B9BA627C91865004FE896 /* GenericView.swift */,
			);
			path = SwiftUI;
			sourceTree = "<group>";
		};
/* End PBXGroup section */

/* Begin PBXNativeTarget section */
		FF4CA82427B4402D00E9A47F /* swiftuiWindowFun */ = {
			isa = PBXNativeTarget;
			buildConfigurationList = FF4CA83427B4402F00E9A47F /* Build configuration list for PBXNativeTarget "swiftuiWindowFun" */;
			buildPhases = (
				FF4CA82127B4402D00E9A47F /* Sources */,
				FF4CA82227B4402D00E9A47F /* Frameworks */,
				FF4CA82327B4402D00E9A47F /* Resources */,
			);
			buildRules = (
			);
			dependencies = (
			);
			name = swiftuiWindowFun;
			productName = swiftuiWindowFun;
			productReference = FF4CA82527B4402D00E9A47F /* swiftuiWindowFun.app */;
			productType = "com.apple.product-type.application";
		};
/* End PBXNativeTarget section */

/* Begin PBXProject section */
		FF4CA81D27B4402D00E9A47F /* Project object */ = {
			isa = PBXProject;
			attributes = {
				BuildIndependentTargetsInParallel = 1;
				LastSwiftUpdateCheck = 1320;
				LastUpgradeCheck = 1320;
				TargetAttributes = {
					FF4CA82427B4402D00E9A47F = {
						CreatedOnToolsVersion = 13.2.1;
					};
				};
			};
			buildConfigurationList = FF4CA82027B4402D00E9A47F /* Build configuration list for PBXProject "swiftuiWindowFun" */;
			compatibilityVersion = "Xcode 13.0";
			developmentRegion = en;
			hasScannedForEncodings = 0;
			knownRegions = (
				en,
				Base,
			);
			mainGroup = FF4CA81C27B4402D00E9A47F;
			productRefGroup = FF4CA82627B4402D00E9A47F /* Products */;
			projectDirPath = "";
			projectRoot = "";
			targets = (
				FF4CA82427B4402D00E9A47F /* swiftuiWindowFun */,
			);
		};
/* End PBXProject section */

/* Begin PBXResourcesBuildPhase section */
		FF4CA82327B4402D00E9A47F /* Resources */ = {
			isa = PBXResourcesBuildPhase;
			buildActionMask = 2147483647;
			files = (
				FF4CA83027B4402F00E9A47F /* Preview Assets.xcassets in Resources */,
				FF4CA82D27B4402F00E9A47F /* Assets.xcassets in Resources */,
			);
			runOnlyForDeploymentPostprocessing = 0;
		};
/* End PBXResourcesBuildPhase section */

/* Begin PBXSourcesBuildPhase section */
		FF4CA82127B4402D00E9A47F /* Sources */ = {
			isa = PBXSourcesBuildPhase;
			buildActionMask = 2147483647;
			files = (
				FF6B9BA327C7C551004FE896 /* NSWindow+NSWindowDelegate.swift in Sources */,
				FF9C9CE227E3A94D009EB472 /* DelegateForwarder.swift in Sources */,
				FFE34DD627B5813D008EDC82 /* HostingWindowFinder.swift in Sources */,
				FF6B9BA727C91865004FE896 /* GenericView.swift in Sources */,
				FF6B9BA527C7D6AB004FE896 /* WindowConfig.swift in Sources */,
				FF4CA82927B4402D00E9A47F /* AppRoot.swift in Sources */,
				FFE34DCE27B57BA1008EDC82 /* AppModel.swift in Sources */,
				FFE34DDA27BD2E9A008EDC82 /* PermanentView.swift in Sources */,
				FFECCA9227C550A6005B628A /* FileMenuCommands.swift in Sources */,
				FF6B9BA127C7C27E004FE896 /* SingletonView.swift in Sources */,
			);
			runOnlyForDeploymentPostprocessing = 0;
		};
/* End PBXSourcesBuildPhase section */

/* Begin XCBuildConfiguration section */
		FF4CA83227B4402F00E9A47F /* Debug */ = {
			isa = XCBuildConfiguration;
			buildSettings = {
				ALWAYS_SEARCH_USER_PATHS = NO;
				CLANG_ANALYZER_NONNULL = YES;
				CLANG_ANALYZER_NUMBER_OBJECT_CONVERSION = YES_AGGRESSIVE;
				CLANG_CXX_LANGUAGE_STANDARD = "gnu++17";
				CLANG_CXX_LIBRARY = "libc++";
				CLANG_ENABLE_MODULES = YES;
				CLANG_ENABLE_OBJC_ARC = YES;
				CLANG_ENABLE_OBJC_WEAK = YES;
				CLANG_WARN_BLOCK_CAPTURE_AUTORELEASING = YES;
				CLANG_WARN_BOOL_CONVERSION = YES;
				CLANG_WARN_COMMA = YES;
				CLANG_WARN_CONSTANT_CONVERSION = YES;
				CLANG_WARN_DEPRECATED_OBJC_IMPLEMENTATIONS = YES;
				CLANG_WARN_DIRECT_OBJC_ISA_USAGE = YES_ERROR;
				CLANG_WARN_DOCUMENTATION_COMMENTS = YES;
				CLANG_WARN_EMPTY_BODY = YES;
				CLANG_WARN_ENUM_CONVERSION = YES;
				CLANG_WARN_INFINITE_RECURSION = YES;
				CLANG_WARN_INT_CONVERSION = YES;
				CLANG_WARN_NON_LITERAL_NULL_CONVERSION = YES;
				CLANG_WARN_OBJC_IMPLICIT_RETAIN_SELF = YES;
				CLANG_WARN_OBJC_LITERAL_CONVERSION = YES;
				CLANG_WARN_OBJC_ROOT_CLASS = YES_ERROR;
				CLANG_WARN_QUOTED_INCLUDE_IN_FRAMEWORK_HEADER = YES;
				CLANG_WARN_RANGE_LOOP_ANALYSIS = YES;
				CLANG_WARN_STRICT_PROTOTYPES = YES;
				CLANG_WARN_SUSPICIOUS_MOVE = YES;
				CLANG_WARN_UNGUARDED_AVAILABILITY = YES_AGGRESSIVE;
				CLANG_WARN_UNREACHABLE_CODE = YES;
				CLANG_WARN__DUPLICATE_METHOD_MATCH = YES;
				COPY_PHASE_STRIP = NO;
				DEBUG_INFORMATION_FORMAT = dwarf;
				ENABLE_STRICT_OBJC_MSGSEND = YES;
				ENABLE_TESTABILITY = YES;
				GCC_C_LANGUAGE_STANDARD = gnu11;
				GCC_DYNAMIC_NO_PIC = NO;
				GCC_NO_COMMON_BLOCKS = YES;
				GCC_OPTIMIZATION_LEVEL = 0;
				GCC_PREPROCESSOR_DEFINITIONS = (
					"DEBUG=1",
					"$(inherited)",
				);
				GCC_WARN_64_TO_32_BIT_CONVERSION = YES;
				GCC_WARN_ABOUT_RETURN_TYPE = YES_ERROR;
				GCC_WARN_UNDECLARED_SELECTOR = YES;
				GCC_WARN_UNINITIALIZED_AUTOS = YES_AGGRESSIVE;
				GCC_WARN_UNUSED_FUNCTION = YES;
				GCC_WARN_UNUSED_VARIABLE = YES;
				MACOSX_DEPLOYMENT_TARGET = 12.1;
				MTL_ENABLE_DEBUG_INFO = INCLUDE_SOURCE;
				MTL_FAST_MATH = YES;
				ONLY_ACTIVE_ARCH = YES;
				SDKROOT = macosx;
				SWIFT_ACTIVE_COMPILATION_CONDITIONS = DEBUG;
				SWIFT_OPTIMIZATION_LEVEL = "-Onone";
			};
			name = Debug;
		};
		FF4CA83327B4402F00E9A47F /* Release */ = {
			isa = XCBuildConfiguration;
			buildSettings = {
				ALWAYS_SEARCH_USER_PATHS = NO;
				CLANG_ANALYZER_NONNULL = YES;
				CLANG_ANALYZER_NUMBER_OBJECT_CONVERSION = YES_AGGRESSIVE;
				CLANG_CXX_LANGUAGE_STANDARD = "gnu++17";
				CLANG_CXX_LIBRARY = "libc++";
				CLANG_ENABLE_MODULES = YES;
				CLANG_ENABLE_OBJC_ARC = YES;
				CLANG_ENABLE_OBJC_WEAK = YES;
				CLANG_WARN_BLOCK_CAPTURE_AUTORELEASING = YES;
				CLANG_WARN_BOOL_CONVERSION = YES;
				CLANG_WARN_COMMA = YES;
				CLANG_WARN_CONSTANT_CONVERSION = YES;
				CLANG_WARN_DEPRECATED_OBJC_IMPLEMENTATIONS = YES;
				CLANG_WARN_DIRECT_OBJC_ISA_USAGE = YES_ERROR;
				CLANG_WARN_DOCUMENTATION_COMMENTS = YES;
				CLANG_WARN_EMPTY_BODY = YES;
				CLANG_WARN_ENUM_CONVERSION = YES;
				CLANG_WARN_INFINITE_RECURSION = YES;
				CLANG_WARN_INT_CONVERSION = YES;
				CLANG_WARN_NON_LITERAL_NULL_CONVERSION = YES;
				CLANG_WARN_OBJC_IMPLICIT_RETAIN_SELF = YES;
				CLANG_WARN_OBJC_LITERAL_CONVERSION = YES;
				CLANG_WARN_OBJC_ROOT_CLASS = YES_ERROR;
				CLANG_WARN_QUOTED_INCLUDE_IN_FRAMEWORK_HEADER = YES;
				CLANG_WARN_RANGE_LOOP_ANALYSIS = YES;
				CLANG_WARN_STRICT_PROTOTYPES = YES;
				CLANG_WARN_SUSPICIOUS_MOVE = YES;
				CLANG_WARN_UNGUARDED_AVAILABILITY = YES_AGGRESSIVE;
				CLANG_WARN_UNREACHABLE_CODE = YES;
				CLANG_WARN__DUPLICATE_METHOD_MATCH = YES;
				COPY_PHASE_STRIP = NO;
				DEBUG_INFORMATION_FORMAT = "dwarf-with-dsym";
				ENABLE_NS_ASSERTIONS = NO;
				ENABLE_STRICT_OBJC_MSGSEND = YES;
				GCC_C_LANGUAGE_STANDARD = gnu11;
				GCC_NO_COMMON_BLOCKS = YES;
				GCC_WARN_64_TO_32_BIT_CONVERSION = YES;
				GCC_WARN_ABOUT_RETURN_TYPE = YES_ERROR;
				GCC_WARN_UNDECLARED_SELECTOR = YES;
				GCC_WARN_UNINITIALIZED_AUTOS = YES_AGGRESSIVE;
				GCC_WARN_UNUSED_FUNCTION = YES;
				GCC_WARN_UNUSED_VARIABLE = YES;
				MACOSX_DEPLOYMENT_TARGET = 12.1;
				MTL_ENABLE_DEBUG_INFO = NO;
				MTL_FAST_MATH = YES;
				SDKROOT = macosx;
				SWIFT_COMPILATION_MODE = wholemodule;
				SWIFT_OPTIMIZATION_LEVEL = "-O";
			};
			name = Release;
		};
		FF4CA83527B4402F00E9A47F /* Debug */ = {
			isa = XCBuildConfiguration;
			buildSettings = {
				ASSETCATALOG_COMPILER_APPICON_NAME = AppIcon;
				ASSETCATALOG_COMPILER_GLOBAL_ACCENT_COLOR_NAME = AccentColor;
				CODE_SIGN_ENTITLEMENTS = swiftuiWindowFun/swiftuiWindowFun.entitlements;
				CODE_SIGN_STYLE = Automatic;
				COMBINE_HIDPI_IMAGES = YES;
				CURRENT_PROJECT_VERSION = 1;
				DEVELOPMENT_ASSET_PATHS = "\"swiftuiWindowFun/Preview Content\"";
				DEVELOPMENT_TEAM = 5NZZ2G4JD4;
				ENABLE_HARDENED_RUNTIME = YES;
				ENABLE_PREVIEWS = YES;
				GENERATE_INFOPLIST_FILE = YES;
				INFOPLIST_FILE = swiftuiWindowFun/Info.plist;
				INFOPLIST_KEY_NSHumanReadableCopyright = "";
				LD_RUNPATH_SEARCH_PATHS = (
					"$(inherited)",
					"@executable_path/../Frameworks",
				);
				MARKETING_VERSION = 1.0;
				PRODUCT_BUNDLE_IDENTIFIER = self.swiftuiWindowFun;
				PRODUCT_NAME = "$(TARGET_NAME)";
				SWIFT_EMIT_LOC_STRINGS = YES;
				SWIFT_VERSION = 5.0;
			};
			name = Debug;
		};
		FF4CA83627B4402F00E9A47F /* Release */ = {
			isa = XCBuildConfiguration;
			buildSettings = {
				ASSETCATALOG_COMPILER_APPICON_NAME = AppIcon;
				ASSETCATALOG_COMPILER_GLOBAL_ACCENT_COLOR_NAME = AccentColor;
				CODE_SIGN_ENTITLEMENTS = swiftuiWindowFun/swiftuiWindowFun.entitlements;
				CODE_SIGN_STYLE = Automatic;
				COMBINE_HIDPI_IMAGES = YES;
				CURRENT_PROJECT_VERSION = 1;
				DEVELOPMENT_ASSET_PATHS = "\"swiftuiWindowFun/Preview Content\"";
				DEVELOPMENT_TEAM = 5NZZ2G4JD4;
				ENABLE_HARDENED_RUNTIME = YES;
				ENABLE_PREVIEWS = YES;
				GENERATE_INFOPLIST_FILE = YES;
				INFOPLIST_FILE = swiftuiWindowFun/Info.plist;
				INFOPLIST_KEY_NSHumanReadableCopyright = "";
				LD_RUNPATH_SEARCH_PATHS = (
					"$(inherited)",
					"@executable_path/../Frameworks",
				);
				MARKETING_VERSION = 1.0;
				PRODUCT_BUNDLE_IDENTIFIER = self.swiftuiWindowFun;
				PRODUCT_NAME = "$(TARGET_NAME)";
				SWIFT_EMIT_LOC_STRINGS = YES;
				SWIFT_VERSION = 5.0;
			};
			name = Release;
		};
/* End XCBuildConfiguration section */

/* Begin XCConfigurationList section */
		FF4CA82027B4402D00E9A47F /* Build configuration list for PBXProject "swiftuiWindowFun" */ = {
			isa = XCConfigurationList;
			buildConfigurations = (
				FF4CA83227B4402F00E9A47F /* Debug */,
				FF4CA83327B4402F00E9A47F /* Release */,
			);
			defaultConfigurationIsVisible = 0;
			defaultConfigurationName = Release;
		};
		FF4CA83427B4402F00E9A47F /* Build configuration list for PBXNativeTarget "swiftuiWindowFun" */ = {
			isa = XCConfigurationList;
			buildConfigurations = (
				FF4CA83527B4402F00E9A47F /* Debug */,
				FF4CA83627B4402F00E9A47F /* Release */,
			);
			defaultConfigurationIsVisible = 0;
			defaultConfigurationName = Release;
		};
/* End XCConfigurationList section */
	};
	rootObject = FF4CA81D27B4402D00E9A47F /* Project object */;
}
